
Microsoft Visual Studio Solution File, Format Version 12.00
# Visual Studio Version 17
VisualStudioVersion = 17.0.31903.59
MinimumVisualStudioVersion = 10.0.40219.1
Project("{9A19103F-16F7-4668-BE54-9A1E7A4F7556}") = "RaceSimUDPMonitor", "RaceSimUDPMonitor\RaceSimUDPMonitor.csproj", "{CAC762F6-E679-473E-A588-774D2861CC08}"
EndProject
Project("{FAE04EC0-301F-11D3-BF4B-00C04F79EFBC}") = "Ams2SharedMemoryWatcher", "Ams2SharedMemoryWatcher\Ams2SharedMemoryWatcher.csproj", "{F251F74A-FC80-47D8-AE41-063E82307F39}"
EndProject
Global
	GlobalSection(SolutionConfigurationPlatforms) = preSolution
		Debug|Any CPU = Debug|Any CPU
		Release|Any CPU = Release|Any CPU
	EndGlobalSection
	GlobalSection(ProjectConfigurationPlatforms) = postSolution
		{CAC762F6-E679-473E-A588-774D2861CC08}.Debug|Any CPU.ActiveCfg = Debug|Any CPU
		{CAC762F6-E679-473E-A588-774D2861CC08}.Debug|Any CPU.Build.0 = Debug|Any CPU
		{CAC762F6-E679-473E-A588-774D2861CC08}.Release|Any CPU.ActiveCfg = Release|Any CPU
		{CAC762F6-E679-473E-A588-774D2861CC08}.Release|Any CPU.Build.0 = Release|Any CPU
		{F251F74A-FC80-47D8-AE41-063E82307F39}.Debug|Any CPU.ActiveCfg = Debug|Any CPU
		{F251F74A-FC80-47D8-AE41-063E82307F39}.Debug|Any CPU.Build.0 = Debug|Any CPU
		{F251F74A-FC80-47D8-AE41-063E82307F39}.Release|Any CPU.ActiveCfg = Release|Any CPU
		{F251F74A-FC80-47D8-AE41-063E82307F39}.Release|Any CPU.Build.0 = Release|Any CPU
	EndGlobalSection
	GlobalSection(SolutionProperties) = preSolution
		HideSolutionNode = FALSE
	EndGlobalSection
	GlobalSection(ExtensibilityGlobals) = postSolution
		SolutionGuid = {B0BE1618-FDE4-452D-8097-0E3D10989765}
	EndGlobalSection
EndGlobal
